
Microsoft Visual Studio Solution File, Format Version 12.00
# Visual Studio Version 17
VisualStudioVersion = 17.7.34202.233
MinimumVisualStudioVersion = 10.0.40219.1
Project("{FAE04EC0-301F-11D3-BF4B-00C04F79EFBC}") = "WebAPI", "WebAPI\WebAPI.csproj", "{E7CE26AB-A0B6-4995-A5E1-2721E371BC26}"
EndProject
Project("{FAE04EC0-301F-11D3-BF4B-00C04F79EFBC}") = "Toma_Alexandru_Lab11", "Toma_Alexandru_Lab11\Toma_Alexandru_Lab11.csproj", "{05CDB50E-5594-4BC6-AEBD-91A90ABFB3B8}"
EndProject
Global
	GlobalSection(SolutionConfigurationPlatforms) = preSolution
		Debug|Any CPU = Debug|Any CPU
		Release|Any CPU = Release|Any CPU
	EndGlobalSection
	GlobalSection(ProjectConfigurationPlatforms) = postSolution
		{E7CE26AB-A0B6-4995-A5E1-2721E371BC26}.Debug|Any CPU.ActiveCfg = Debug|Any CPU
		{E7CE26AB-A0B6-4995-A5E1-2721E371BC26}.Debug|Any CPU.Build.0 = Debug|Any CPU
		{E7CE26AB-A0B6-4995-A5E1-2721E371BC26}.Release|Any CPU.ActiveCfg = Release|Any CPU
		{E7CE26AB-A0B6-4995-A5E1-2721E371BC26}.Release|Any CPU.Build.0 = Release|Any CPU
		{05CDB50E-5594-4BC6-AEBD-91A90ABFB3B8}.Debug|Any CPU.ActiveCfg = Debug|Any CPU
		{05CDB50E-5594-4BC6-AEBD-91A90ABFB3B8}.Debug|Any CPU.Build.0 = Debug|Any CPU
		{05CDB50E-5594-4BC6-AEBD-91A90ABFB3B8}.Debug|Any CPU.Deploy.0 = Debug|Any CPU
		{05CDB50E-5594-4BC6-AEBD-91A90ABFB3B8}.Release|Any CPU.ActiveCfg = Release|Any CPU
		{05CDB50E-5594-4BC6-AEBD-91A90ABFB3B8}.Release|Any CPU.Build.0 = Release|Any CPU
		{05CDB50E-5594-4BC6-AEBD-91A90ABFB3B8}.Release|Any CPU.Deploy.0 = Release|Any CPU
	EndGlobalSection
	GlobalSection(SolutionProperties) = preSolution
		HideSolutionNode = FALSE
	EndGlobalSection
	GlobalSection(ExtensibilityGlobals) = postSolution
		SolutionGuid = {7E746E2A-44DA-439E-B6E6-0F6B2CD057C6}
	EndGlobalSection
EndGlobal
